
Microsoft Visual Studio Solution File, Format Version 12.00
# Visual Studio 2013
VisualStudioVersion = 12.0.0.0
MinimumVisualStudioVersion = 10.0.0.1
Project("{FAE04EC0-301F-11D3-BF4B-00C04F79EFBC}") = "urlcron", "urlcron/urlcron.csproj", "{9B5312D0-1D8A-4156-90DD-582F5C6885D3}"
EndProject
Project("{FAE04EC0-301F-11D3-BF4B-00C04F79EFBC}") = "urlcron.service", "urlcron_service\urlcron.service.csproj", "{612AF737-AEC3-4A7B-ADC9-BCD66B665ADB}"
EndProject
Project("{FAE04EC0-301F-11D3-BF4B-00C04F79EFBC}") = "dependencylocator", "dependencylocator\dependencylocator.csproj", "{B971875E-E241-4C64-BC12-F6008EC33EAC}"
EndProject
Project("{FAE04EC0-301F-11D3-BF4B-00C04F79EFBC}") = "tests", "tests\tests.csproj", "{A92B9394-FC16-4718-94D7-11CE12091FDA}"
EndProject
Global
	GlobalSection(SolutionConfigurationPlatforms) = preSolution
		Debug|Any CPU = Debug|Any CPU
		Release|Any CPU = Release|Any CPU
	EndGlobalSection
	GlobalSection(ProjectConfigurationPlatforms) = postSolution
		{9B5312D0-1D8A-4156-90DD-582F5C6885D3}.Debug|Any CPU.ActiveCfg = Debug|Any CPU
		{9B5312D0-1D8A-4156-90DD-582F5C6885D3}.Debug|Any CPU.Build.0 = Debug|Any CPU
		{9B5312D0-1D8A-4156-90DD-582F5C6885D3}.Release|Any CPU.ActiveCfg = Release|Any CPU
		{9B5312D0-1D8A-4156-90DD-582F5C6885D3}.Release|Any CPU.Build.0 = Release|Any CPU
		{612AF737-AEC3-4A7B-ADC9-BCD66B665ADB}.Debug|Any CPU.ActiveCfg = Debug|Any CPU
		{612AF737-AEC3-4A7B-ADC9-BCD66B665ADB}.Debug|Any CPU.Build.0 = Debug|Any CPU
		{612AF737-AEC3-4A7B-ADC9-BCD66B665ADB}.Release|Any CPU.ActiveCfg = Release|Any CPU
		{612AF737-AEC3-4A7B-ADC9-BCD66B665ADB}.Release|Any CPU.Build.0 = Release|Any CPU
		{B971875E-E241-4C64-BC12-F6008EC33EAC}.Debug|Any CPU.ActiveCfg = Debug|Any CPU
		{B971875E-E241-4C64-BC12-F6008EC33EAC}.Debug|Any CPU.Build.0 = Debug|Any CPU
		{B971875E-E241-4C64-BC12-F6008EC33EAC}.Release|Any CPU.ActiveCfg = Release|Any CPU
		{B971875E-E241-4C64-BC12-F6008EC33EAC}.Release|Any CPU.Build.0 = Release|Any CPU
		{A92B9394-FC16-4718-94D7-11CE12091FDA}.Debug|Any CPU.ActiveCfg = Debug|Any CPU
		{A92B9394-FC16-4718-94D7-11CE12091FDA}.Debug|Any CPU.Build.0 = Debug|Any CPU
		{A92B9394-FC16-4718-94D7-11CE12091FDA}.Release|Any CPU.ActiveCfg = Release|Any CPU
		{A92B9394-FC16-4718-94D7-11CE12091FDA}.Release|Any CPU.Build.0 = Release|Any CPU
	EndGlobalSection
	GlobalSection(SolutionProperties) = preSolution
		HideSolutionNode = FALSE
	EndGlobalSection
EndGlobal
